[[package]]
name = "asgiref"
version = "3.5.2"
description = "ASGI specs, helper code, and adapters"
category = "main"
optional = false
python-versions = ">=3.7"

[package.extras]
tests = ["mypy (>=0.800)", "pytest-asyncio", "pytest"]

[[package]]
name = "brotli"
version = "1.0.9"
description = "Python bindings for the Brotli compression library"
category = "main"
optional = false
python-versions = "*"

[[package]]
name = "certifi"
version = "2022.9.24"
description = "Python package for providing Mozilla's CA Bundle."
category = "main"
optional = false
python-versions = ">=3.6"

[[package]]
name = "cffi"
version = "1.15.1"
description = "Foreign Function Interface for Python calling C code."
category = "main"
optional = false
python-versions = "*"

[package.dependencies]
pycparser = "*"

[[package]]
name = "click"
version = "8.1.3"
description = "Composable command line interface toolkit"
category = "main"
optional = false
python-versions = ">=3.7"

[package.dependencies]
colorama = {version = "*", markers = "platform_system == \"Windows\""}

[[package]]
name = "colorama"
version = "0.4.6"
description = "Cross-platform colored terminal text."
category = "main"
optional = false
python-versions = "!=3.0.*,!=3.1.*,!=3.2.*,!=3.3.*,!=3.4.*,!=3.5.*,!=3.6.*,>=2.7"

[[package]]
name = "cryptography"
version = "38.0.4"
description = "cryptography is a package which provides cryptographic recipes and primitives to Python developers."
category = "main"
optional = false
python-versions = ">=3.6"

[package.dependencies]
cffi = ">=1.12"

[package.extras]
docs = ["sphinx (>=1.6.5,!=1.8.0,!=3.1.0,!=3.1.1)", "sphinx-rtd-theme"]
docstest = ["pyenchant (>=1.6.11)", "twine (>=1.12.0)", "sphinxcontrib-spelling (>=4.0.1)"]
pep8test = ["black", "flake8", "flake8-import-order", "pep8-naming"]
sdist = ["setuptools-rust (>=0.11.4)"]
ssh = ["bcrypt (>=3.1.5)"]
test = ["pytest (>=6.2.0)", "pytest-benchmark", "pytest-cov", "pytest-subtests", "pytest-xdist", "pretend", "iso8601", "pytz", "hypothesis (>=1.11.4,!=3.79.2)"]

[[package]]
name = "flask"
version = "2.2.2"
description = "A simple framework for building complex web applications."
category = "main"
optional = false
python-versions = ">=3.7"

[package.dependencies]
click = ">=8.0"
importlib-metadata = {version = ">=3.6.0", markers = "python_version < \"3.10\""}
itsdangerous = ">=2.0"
Jinja2 = ">=3.0"
Werkzeug = ">=2.2.2"

[package.extras]
async = ["asgiref (>=3.2)"]
dotenv = ["python-dotenv"]

[[package]]
name = "h11"
version = "0.14.0"
description = "A pure-Python, bring-your-own-I/O implementation of HTTP/1.1"
category = "main"
optional = false
python-versions = ">=3.7"

[[package]]
name = "h2"
version = "4.1.0"
description = "HTTP/2 State-Machine based protocol implementation"
category = "main"
optional = false
python-versions = ">=3.6.1"

[package.dependencies]
hpack = ">=4.0,<5"
hyperframe = ">=6.0,<7"

[[package]]
name = "hpack"
version = "4.0.0"
description = "Pure-Python HPACK header compression"
category = "main"
optional = false
python-versions = ">=3.6.1"

[[package]]
name = "hyperframe"
version = "6.0.1"
description = "HTTP/2 framing layer for Python"
category = "main"
optional = false
python-versions = ">=3.6.1"

[[package]]
name = "importlib-metadata"
version = "5.1.0"
description = "Read metadata from Python packages"
category = "main"
optional = false
python-versions = ">=3.7"

[package.dependencies]
zipp = ">=0.5"

[package.extras]
docs = ["sphinx (>=3.5)", "jaraco.packaging (>=9)", "rst.linker (>=1.9)", "furo", "jaraco.tidelift (>=1.4)"]
perf = ["ipython"]
testing = ["pytest (>=6)", "pytest-checkdocs (>=2.4)", "flake8 (<5)", "pytest-cov", "pytest-enabler (>=1.3)", "packaging", "pyfakefs", "flufl.flake8", "pytest-perf (>=0.9.2)", "pytest-black (>=0.3.7)", "pytest-mypy (>=0.9.1)", "pytest-flake8", "importlib-resources (>=1.3)"]

[[package]]
name = "itsdangerous"
version = "2.1.2"
description = "Safely pass data to untrusted environments and back."
category = "main"
optional = false
python-versions = ">=3.7"

[[package]]
name = "jinja2"
version = "3.1.2"
description = "A very fast and expressive template engine."
category = "main"
optional = false
python-versions = ">=3.7"

[package.dependencies]
MarkupSafe = ">=2.0"

[package.extras]
i18n = ["Babel (>=2.7)"]

[[package]]
name = "json-stream"
version = "1.5.2"
description = "Streaming JSON encoder and decoder"
category = "main"
optional = false
python-versions = "<4,>=3.5"

[package.extras]
requests = ["requests"]

[[package]]
name = "kaitaistruct"
version = "0.10"
description = "Kaitai Struct declarative parser generator for binary data: runtime library for Python"
category = "main"
optional = false
python-versions = "!=3.0.*,!=3.1.*,!=3.2.*,!=3.3.*,>=2.7"

[[package]]
name = "ldap3"
version = "2.9.1"
description = "A strictly RFC 4510 conforming LDAP V3 pure Python client library"
category = "main"
optional = false
python-versions = "*"

[package.dependencies]
pyasn1 = ">=0.4.6"

[[package]]
name = "markupsafe"
version = "2.1.1"
description = "Safely add untrusted strings to HTML/XML markup."
category = "main"
optional = false
python-versions = ">=3.7"

[[package]]
name = "mitmproxy"
version = "9.0.1"
description = "An interactive, SSL/TLS-capable intercepting proxy for HTTP/1, HTTP/2, and WebSockets."
category = "main"
optional = false
python-versions = ">=3.9"

[package.dependencies]
asgiref = ">=3.2.10,<3.6"
Brotli = ">=1.0,<1.1"
certifi = ">=2019.9.11"
cryptography = ">=38.0,<38.1"
flask = ">=1.1.1,<2.3"
h11 = ">=0.11,<0.15"
h2 = ">=4.1,<5"
hyperframe = ">=6.0,<7"
kaitaistruct = ">=0.10,<0.11"
ldap3 = ">=2.8,<2.10"
mitmproxy-wireguard = ">=0.1.6,<0.2"
msgpack = ">=1.0.0,<1.1.0"
passlib = ">=1.6.5,<1.8"
protobuf = ">=3.14,<5"
publicsuffix2 = ">=2.20190812,<3"
pydivert = {version = ">=2.0.3,<2.2", markers = "sys_platform == \"win32\""}
pyOpenSSL = ">=22.1,<22.2"
pyparsing = ">=2.4.2,<3.1"
pyperclip = ">=1.6.0,<1.9"
"ruamel.yaml" = ">=0.16,<0.18"
sortedcontainers = ">=2.3,<2.5"
tornado = ">=6.1,<7"
typing-extensions = {version = ">=4.3,<4.5", markers = "python_version < \"3.10\""}
urwid = ">=2.1.1,<2.2"
wsproto = ">=1.0,<1.3"
zstandard = ">=0.11,<0.20"

[package.extras]
dev = ["click (>=7.0,<8.2)", "hypothesis (>=5.8,<7)", "parver (>=0.1,<2.0)", "pdoc (>=4.0.0)", "pyinstaller (==5.6.2)", "pytest-asyncio (>=0.17,<0.21)", "pytest-cov (>=2.7.1,<4.1)", "pytest-timeout (>=1.3.3,<2.2)", "pytest-xdist (>=2.1.0,<3.1)", "pytest (>=6.1.0,<8)", "requests (>=2.9.1,<3)", "tox (>=3.5,<4)", "wheel (>=0.36.2,<0.39)"]

[[package]]
name = "mitmproxy-wireguard"
version = "0.1.19"
description = "WireGuard interface for mitmproxy"
category = "main"
optional = false
python-versions = ">=3.7"

[[package]]
name = "msgpack"
version = "1.0.4"
description = "MessagePack serializer"
category = "main"
optional = false
python-versions = "*"

[[package]]
name = "passlib"
version = "1.7.4"
description = "comprehensive password hashing framework supporting over 30 schemes"
category = "main"
optional = false
python-versions = "*"

[package.extras]
totp = ["cryptography"]
build_docs = ["cloud-sptheme (>=1.10.1)", "sphinxcontrib-fulltoc (>=1.2.0)", "sphinx (>=1.6)"]
bcrypt = ["bcrypt (>=3.1.0)"]
argon2 = ["argon2-cffi (>=18.2.0)"]

[[package]]
name = "protobuf"
version = "4.21.9"
description = ""
category = "main"
optional = false
python-versions = ">=3.7"

[[package]]
name = "publicsuffix2"
version = "2.20191221"
description = "Get a public suffix for a domain name using the Public Suffix List. Forked from and using the same API as the publicsuffix package."
category = "main"
optional = false
python-versions = "*"

[[package]]
name = "pyasn1"
version = "0.4.8"
description = "ASN.1 types and codecs"
category = "main"
optional = false
python-versions = "*"

[[package]]
name = "pycparser"
version = "2.21"
description = "C parser in Python"
category = "main"
optional = false
python-versions = ">=2.7, !=3.0.*, !=3.1.*, !=3.2.*, !=3.3.*"

[[package]]
name = "pydivert"
version = "2.1.0"
description = "Python binding to windivert driver"
category = "main"
optional = false
python-versions = "*"

[package.extras]
docs = ["sphinx (>=1.4.8)"]
test = ["mock (>=1.0.1)", "hypothesis (>=3.5.3)", "pytest (>=3.0.3)", "pytest-cov (>=2.2.1)", "pytest-timeout (>=1.0.0,<2)", "pytest-faulthandler (>=1.3.0,<2)", "codecov (>=2.0.5)", "wheel (>=0.29)"]

[[package]]
name = "pyopenssl"
version = "22.1.0"
description = "Python wrapper module around the OpenSSL library"
category = "main"
optional = false
python-versions = ">=3.6"

[package.dependencies]
cryptography = ">=38.0.0,<39"

[package.extras]
docs = ["sphinx (!=5.2.0,!=5.2.0.post0)", "sphinx-rtd-theme"]
test = ["flaky", "pretend", "pytest (>=3.0.1)"]

[[package]]
name = "pyparsing"
version = "3.0.9"
description = "pyparsing module - Classes and methods to define and execute parsing grammars"
category = "main"
optional = false
python-versions = ">=3.6.8"

[package.extras]
diagrams = ["jinja2", "railroad-diagrams"]

[[package]]
name = "pyperclip"
version = "1.8.2"
description = "A cross-platform clipboard module for Python. (Only handles plain text for now.)"
category = "main"
optional = false
python-versions = "*"

[[package]]
name = "ruamel.yaml"
version = "0.17.21"
description = "ruamel.yaml is a YAML parser/emitter that supports roundtrip preservation of comments, seq/map flow style, and map key order"
category = "main"
optional = false
python-versions = ">=3"

[package.dependencies]
"ruamel.yaml.clib" = {version = ">=0.2.6", markers = "platform_python_implementation == \"CPython\" and python_version < \"3.11\""}

[package.extras]
docs = ["ryd"]
jinja2 = ["ruamel.yaml.jinja2 (>=0.2)"]

[[package]]
name = "ruamel.yaml.clib"
version = "0.2.7"
description = "C version of reader, parser and emitter for ruamel.yaml derived from libyaml"
category = "main"
optional = false
python-versions = ">=3.5"

[[package]]
name = "sortedcontainers"
version = "2.4.0"
description = "Sorted Containers -- Sorted List, Sorted Dict, Sorted Set"
category = "main"
optional = false
python-versions = "*"

[[package]]
name = "tornado"
version = "6.2"
description = "Tornado is a Python web framework and asynchronous networking library, originally developed at FriendFeed."
category = "main"
optional = false
python-versions = ">= 3.7"

[[package]]
name = "typing-extensions"
version = "4.4.0"
description = "Backported and Experimental Type Hints for Python 3.7+"
category = "main"
optional = false
python-versions = ">=3.7"

[[package]]
name = "urwid"
version = "2.1.2"
description = "A full-featured console (xterm et al.) user interface library"
category = "main"
optional = false
python-versions = "*"

[[package]]
name = "werkzeug"
version = "2.2.2"
description = "The comprehensive WSGI web application library."
category = "main"
optional = false
python-versions = ">=3.7"

[package.dependencies]
MarkupSafe = ">=2.1.1"

[package.extras]
watchdog = ["watchdog"]

[[package]]
name = "wsproto"
version = "1.2.0"
description = "WebSockets state-machine based protocol implementation"
category = "main"
optional = false
python-versions = ">=3.7.0"

[package.dependencies]
h11 = ">=0.9.0,<1"

[[package]]
name = "zipp"
version = "3.11.0"
description = "Backport of pathlib-compatible object wrapper for zip files"
category = "main"
optional = false
python-versions = ">=3.7"

[package.extras]
docs = ["sphinx (>=3.5)", "jaraco.packaging (>=9)", "rst.linker (>=1.9)", "furo", "jaraco.tidelift (>=1.4)"]
testing = ["pytest (>=6)", "pytest-checkdocs (>=2.4)", "flake8 (<5)", "pytest-cov", "pytest-enabler (>=1.3)", "jaraco.itertools", "func-timeout", "jaraco.functools", "more-itertools", "pytest-black (>=0.3.7)", "pytest-mypy (>=0.9.1)", "pytest-flake8"]

[[package]]
name = "zstandard"
version = "0.19.0"
description = "Zstandard bindings for Python"
category = "main"
optional = false
python-versions = ">=3.6"

[package.dependencies]
cffi = {version = ">=1.11", markers = "platform_python_implementation == \"PyPy\""}

[package.extras]
cffi = ["cffi (>=1.11)"]

[metadata]
lock-version = "1.1"
python-versions = "^3.9"
content-hash = "a5d866f29be83c4de4eb46abe7773059bba1c2a0cb518fe7a22b28e2f637a55b"

[metadata.files]
asgiref = []
brotli = []
certifi = []
cffi = []
click = []
colorama = []
cryptography = []
flask = []
h11 = []
h2 = []
hpack = []
hyperframe = []
importlib-metadata = []
itsdangerous = []
jinja2 = []
json-stream = []
kaitaistruct = []
ldap3 = []
markupsafe = []
mitmproxy = []
mitmproxy-wireguard = []
msgpack = []
passlib = []
protobuf = []
publicsuffix2 = []
pyasn1 = []
pycparser = []
pydivert = []
pyopenssl = []
pyparsing = []
pyperclip = []
"ruamel.yaml" = []
"ruamel.yaml.clib" = []
sortedcontainers = []
tornado = []
typing-extensions = []
urwid = []
werkzeug = []
wsproto = []
zipp = []
zstandard = []
